
Microsoft Visual Studio Solution File, Format Version 12.00
# Visual Studio Version 16
VisualStudioVersion = 16.0.30011.22
MinimumVisualStudioVersion = 10.0.40219.1
Project("{FAE04EC0-301F-11D3-BF4B-00C04F79EFBC}") = "Methods2", "Methods2\Methods2.csproj", "{37B3B6BB-5027-42C0-A146-7C552A7EEFF2}"
EndProject
Global
	GlobalSection(SolutionConfigurationPlatforms) = preSolution
		Debug|Any CPU = Debug|Any CPU
		Release|Any CPU = Release|Any CPU
	EndGlobalSection
	GlobalSection(ProjectConfigurationPlatforms) = postSolution
		{37B3B6BB-5027-42C0-A146-7C552A7EEFF2}.Debug|Any CPU.ActiveCfg = Debug|Any CPU
		{37B3B6BB-5027-42C0-A146-7C552A7EEFF2}.Debug|Any CPU.Build.0 = Debug|Any CPU
		{37B3B6BB-5027-42C0-A146-7C552A7EEFF2}.Release|Any CPU.ActiveCfg = Release|Any CPU
		{37B3B6BB-5027-42C0-A146-7C552A7EEFF2}.Release|Any CPU.Build.0 = Release|Any CPU
	EndGlobalSection
	GlobalSection(SolutionProperties) = preSolution
		HideSolutionNode = FALSE
	EndGlobalSection
	GlobalSection(ExtensibilityGlobals) = postSolution
		SolutionGuid = {D162D009-043D-4FF6-88C2-B0CF63DA32A1}
	EndGlobalSection
EndGlobal
